
Microsoft Visual Studio Solution File, Format Version 12.00
# Visual Studio Version 17
VisualStudioVersion = 17.1.32319.34
MinimumVisualStudioVersion = 10.0.40219.1
Project("{FAE04EC0-301F-11D3-BF4B-00C04F79EFBC}") = "MostrarTablaDeMultiplicar", "MostrarTablaDeMultiplicar\MostrarTablaDeMultiplicar.csproj", "{1A912904-C7BE-4ADB-B977-82ABE49C506E}"
EndProject
Project("{9A19103F-16F7-4668-BE54-9A1E7A4F7556}") = "DATALIST", "DATALIST\DATALIST\DATALIST.csproj", "{4DDACE13-1393-42BD-8133-32B956F8D9E6}"
EndProject
Project("{FAE04EC0-301F-11D3-BF4B-00C04F79EFBC}") = "Mostrar valores", "Mostrar valores\Mostrar valores\Mostrar valores.csproj", "{FA1E8408-B941-485C-9CA6-F1D5B8BDE922}"
EndProject
Global
	GlobalSection(SolutionConfigurationPlatforms) = preSolution
		Debug|Any CPU = Debug|Any CPU
		Release|Any CPU = Release|Any CPU
	EndGlobalSection
	GlobalSection(ProjectConfigurationPlatforms) = postSolution
		{1A912904-C7BE-4ADB-B977-82ABE49C506E}.Debug|Any CPU.ActiveCfg = Debug|Any CPU
		{1A912904-C7BE-4ADB-B977-82ABE49C506E}.Debug|Any CPU.Build.0 = Debug|Any CPU
		{1A912904-C7BE-4ADB-B977-82ABE49C506E}.Release|Any CPU.ActiveCfg = Release|Any CPU
		{1A912904-C7BE-4ADB-B977-82ABE49C506E}.Release|Any CPU.Build.0 = Release|Any CPU
		{4DDACE13-1393-42BD-8133-32B956F8D9E6}.Debug|Any CPU.ActiveCfg = Debug|Any CPU
		{4DDACE13-1393-42BD-8133-32B956F8D9E6}.Debug|Any CPU.Build.0 = Debug|Any CPU
		{4DDACE13-1393-42BD-8133-32B956F8D9E6}.Release|Any CPU.ActiveCfg = Release|Any CPU
		{4DDACE13-1393-42BD-8133-32B956F8D9E6}.Release|Any CPU.Build.0 = Release|Any CPU
		{FA1E8408-B941-485C-9CA6-F1D5B8BDE922}.Debug|Any CPU.ActiveCfg = Debug|Any CPU
		{FA1E8408-B941-485C-9CA6-F1D5B8BDE922}.Debug|Any CPU.Build.0 = Debug|Any CPU
		{FA1E8408-B941-485C-9CA6-F1D5B8BDE922}.Release|Any CPU.ActiveCfg = Release|Any CPU
		{FA1E8408-B941-485C-9CA6-F1D5B8BDE922}.Release|Any CPU.Build.0 = Release|Any CPU
	EndGlobalSection
	GlobalSection(SolutionProperties) = preSolution
		HideSolutionNode = FALSE
	EndGlobalSection
	GlobalSection(ExtensibilityGlobals) = postSolution
		SolutionGuid = {E97787E1-3C4B-4926-B105-28DFE6C07CF1}
	EndGlobalSection
EndGlobal
